// !$*UTF8*$!
{
	archiveVersion = 1;
	classes = {
	};
	objectVersion = 50;
	objects = {

/* Begin PBXBuildFile section */
		008458226CBA1BD7AF95D392 /* Pods_NeoWSAppTests.framework in Frameworks */ = {isa = PBXBuildFile; fileRef = 2C73DA09E868ADCA4CDD2285 /* Pods_NeoWSAppTests.framework */; };
		6550992920A04C4400399C25 /* PictureOfTheDayViewController.swift in Sources */ = {isa = PBXBuildFile; fileRef = 6550992820A04C4400399C25 /* PictureOfTheDayViewController.swift */; };
		9A503A3996C478B666D47845 /* Pods_NeoWSApp.framework in Frameworks */ = {isa = PBXBuildFile; fileRef = 137D548BE1A85CE56BCD6163 /* Pods_NeoWSApp.framework */; };
		9BF6961B209B130000D81530 /* Asteroid.swift in Sources */ = {isa = PBXBuildFile; fileRef = 9BF6961A209B130000D81530 /* Asteroid.swift */; };
		9BF6961D209B133400D81530 /* FetchData.swift in Sources */ = {isa = PBXBuildFile; fileRef = 9BF6961C209B133400D81530 /* FetchData.swift */; };
		9BF6961F209B13B600D81530 /* DetailsViewController.swift in Sources */ = {isa = PBXBuildFile; fileRef = 9BF6961E209B13B600D81530 /* DetailsViewController.swift */; };
		9BF69622209B13F400D81530 /* CustomCell.swift in Sources */ = {isa = PBXBuildFile; fileRef = 9BF69620209B13F400D81530 /* CustomCell.swift */; };
		9BF69623209B13F400D81530 /* CustomCell.xib in Resources */ = {isa = PBXBuildFile; fileRef = 9BF69621209B13F400D81530 /* CustomCell.xib */; };
		AD333D4B6E334548903C1470 /* Pods_NeoWSAppUITests.framework in Frameworks */ = {isa = PBXBuildFile; fileRef = B1C079D57C444911BC3517D4 /* Pods_NeoWSAppUITests.framework */; };
		F3B0DB99209B0BC000E7BD22 /* AppDelegate.swift in Sources */ = {isa = PBXBuildFile; fileRef = F3B0DB98209B0BC000E7BD22 /* AppDelegate.swift */; };
		F3B0DB9B209B0BC000E7BD22 /* StartViewController.swift in Sources */ = {isa = PBXBuildFile; fileRef = F3B0DB9A209B0BC000E7BD22 /* StartViewController.swift */; };
		F3B0DB9E209B0BC000E7BD22 /* Main.storyboard in Resources */ = {isa = PBXBuildFile; fileRef = F3B0DB9C209B0BC000E7BD22 /* Main.storyboard */; };
		F3B0DBA1209B0BC000E7BD22 /* NeoWSApp.xcdatamodeld in Sources */ = {isa = PBXBuildFile; fileRef = F3B0DB9F209B0BC000E7BD22 /* NeoWSApp.xcdatamodeld */; };
		F3B0DBA3209B0BC100E7BD22 /* Assets.xcassets in Resources */ = {isa = PBXBuildFile; fileRef = F3B0DBA2209B0BC100E7BD22 /* Assets.xcassets */; };
		F3B0DBA6209B0BC100E7BD22 /* LaunchScreen.storyboard in Resources */ = {isa = PBXBuildFile; fileRef = F3B0DBA4209B0BC100E7BD22 /* LaunchScreen.storyboard */; };
		F3B0DBB1209B0BC100E7BD22 /* NeoWSAppTests.swift in Sources */ = {isa = PBXBuildFile; fileRef = F3B0DBB0209B0BC100E7BD22 /* NeoWSAppTests.swift */; };
		F3B0DBBC209B0BC100E7BD22 /* NeoWSAppUITests.swift in Sources */ = {isa = PBXBuildFile; fileRef = F3B0DBBB209B0BC100E7BD22 /* NeoWSAppUITests.swift */; };
		F3F9E1A2209C5D1A00481C51 /* JSONParsing.swift in Sources */ = {isa = PBXBuildFile; fileRef = F3F9E1A1209C5D1A00481C51 /* JSONParsing.swift */; };
		F3F9E1A4209C69BB00481C51 /* AsteroidBank.swift in Sources */ = {isa = PBXBuildFile; fileRef = F3F9E1A3209C69BB00481C51 /* AsteroidBank.swift */; };
/* End PBXBuildFile section */

/* Begin PBXContainerItemProxy section */
		F3B0DBAD209B0BC100E7BD22 /* PBXContainerItemProxy */ = {
			isa = PBXContainerItemProxy;
			containerPortal = F3B0DB8D209B0BC000E7BD22 /* Project object */;
			proxyType = 1;
			remoteGlobalIDString = F3B0DB94209B0BC000E7BD22;
			remoteInfo = NeoWSApp;
		};
		F3B0DBB8209B0BC100E7BD22 /* PBXContainerItemProxy */ = {
			isa = PBXContainerItemProxy;
			containerPortal = F3B0DB8D209B0BC000E7BD22 /* Project object */;
			proxyType = 1;
			remoteGlobalIDString = F3B0DB94209B0BC000E7BD22;
			remoteInfo = NeoWSApp;
		};
/* End PBXContainerItemProxy section */

/* Begin PBXFileReference section */
		06D064C32A4840AF0ACEFE83 /* Pods-NeoWSApp.debug.xcconfig */ = {isa = PBXFileReference; includeInIndex = 1; lastKnownFileType = text.xcconfig; name = "Pods-NeoWSApp.debug.xcconfig"; path = "Pods/Target Support Files/Pods-NeoWSApp/Pods-NeoWSApp.debug.xcconfig"; sourceTree = "<group>"; };
		137D548BE1A85CE56BCD6163 /* Pods_NeoWSApp.framework */ = {isa = PBXFileReference; explicitFileType = wrapper.framework; includeInIndex = 0; path = Pods_NeoWSApp.framework; sourceTree = BUILT_PRODUCTS_DIR; };
		2C73DA09E868ADCA4CDD2285 /* Pods_NeoWSAppTests.framework */ = {isa = PBXFileReference; explicitFileType = wrapper.framework; includeInIndex = 0; path = Pods_NeoWSAppTests.framework; sourceTree = BUILT_PRODUCTS_DIR; };
		2F25797D41D46BA99C077C50 /* Pods-NeoWSAppTests.debug.xcconfig */ = {isa = PBXFileReference; includeInIndex = 1; lastKnownFileType = text.xcconfig; name = "Pods-NeoWSAppTests.debug.xcconfig"; path = "Pods/Target Support Files/Pods-NeoWSAppTests/Pods-NeoWSAppTests.debug.xcconfig"; sourceTree = "<group>"; };
		53814ABAE150813ABA666DDC /* Pods-NeoWSApp.release.xcconfig */ = {isa = PBXFileReference; includeInIndex = 1; lastKnownFileType = text.xcconfig; name = "Pods-NeoWSApp.release.xcconfig"; path = "Pods/Target Support Files/Pods-NeoWSApp/Pods-NeoWSApp.release.xcconfig"; sourceTree = "<group>"; };
		6550992820A04C4400399C25 /* PictureOfTheDayViewController.swift */ = {isa = PBXFileReference; lastKnownFileType = sourcecode.swift; path = PictureOfTheDayViewController.swift; sourceTree = "<group>"; };
		6F9EC229C639D3E9A26F7C0B /* Pods-NeoWSAppUITests.release.xcconfig */ = {isa = PBXFileReference; includeInIndex = 1; lastKnownFileType = text.xcconfig; name = "Pods-NeoWSAppUITests.release.xcconfig"; path = "Pods/Target Support Files/Pods-NeoWSAppUITests/Pods-NeoWSAppUITests.release.xcconfig"; sourceTree = "<group>"; };
		92AB5ED8843BBFFF4D5492EA /* Pods-NeoWSAppUITests.debug.xcconfig */ = {isa = PBXFileReference; includeInIndex = 1; lastKnownFileType = text.xcconfig; name = "Pods-NeoWSAppUITests.debug.xcconfig"; path = "Pods/Target Support Files/Pods-NeoWSAppUITests/Pods-NeoWSAppUITests.debug.xcconfig"; sourceTree = "<group>"; };
		9BF6961A209B130000D81530 /* Asteroid.swift */ = {isa = PBXFileReference; lastKnownFileType = sourcecode.swift; path = Asteroid.swift; sourceTree = "<group>"; };
		9BF6961C209B133400D81530 /* FetchData.swift */ = {isa = PBXFileReference; lastKnownFileType = sourcecode.swift; path = FetchData.swift; sourceTree = "<group>"; };
		9BF6961E209B13B600D81530 /* DetailsViewController.swift */ = {isa = PBXFileReference; lastKnownFileType = sourcecode.swift; path = DetailsViewController.swift; sourceTree = "<group>"; };
		9BF69620209B13F400D81530 /* CustomCell.swift */ = {isa = PBXFileReference; lastKnownFileType = sourcecode.swift; path = CustomCell.swift; sourceTree = "<group>"; };
		9BF69621209B13F400D81530 /* CustomCell.xib */ = {isa = PBXFileReference; lastKnownFileType = file.xib; path = CustomCell.xib; sourceTree = "<group>"; };
		B1C079D57C444911BC3517D4 /* Pods_NeoWSAppUITests.framework */ = {isa = PBXFileReference; explicitFileType = wrapper.framework; includeInIndex = 0; path = Pods_NeoWSAppUITests.framework; sourceTree = BUILT_PRODUCTS_DIR; };
		C042E5E9EB85F4EC3FB0C841 /* Pods-NeoWSAppTests.release.xcconfig */ = {isa = PBXFileReference; includeInIndex = 1; lastKnownFileType = text.xcconfig; name = "Pods-NeoWSAppTests.release.xcconfig"; path = "Pods/Target Support Files/Pods-NeoWSAppTests/Pods-NeoWSAppTests.release.xcconfig"; sourceTree = "<group>"; };
		F3B0DB95209B0BC000E7BD22 /* NeoWSApp.app */ = {isa = PBXFileReference; explicitFileType = wrapper.application; includeInIndex = 0; path = NeoWSApp.app; sourceTree = BUILT_PRODUCTS_DIR; };
		F3B0DB98209B0BC000E7BD22 /* AppDelegate.swift */ = {isa = PBXFileReference; lastKnownFileType = sourcecode.swift; path = AppDelegate.swift; sourceTree = "<group>"; };
		F3B0DB9A209B0BC000E7BD22 /* StartViewController.swift */ = {isa = PBXFileReference; lastKnownFileType = sourcecode.swift; path = StartViewController.swift; sourceTree = "<group>"; };
		F3B0DB9D209B0BC000E7BD22 /* Base */ = {isa = PBXFileReference; lastKnownFileType = file.storyboard; name = Base; path = Base.lproj/Main.storyboard; sourceTree = "<group>"; };
		F3B0DBA0209B0BC000E7BD22 /* NeoWSApp.xcdatamodel */ = {isa = PBXFileReference; lastKnownFileType = wrapper.xcdatamodel; path = NeoWSApp.xcdatamodel; sourceTree = "<group>"; };
		F3B0DBA2209B0BC100E7BD22 /* Assets.xcassets */ = {isa = PBXFileReference; lastKnownFileType = folder.assetcatalog; path = Assets.xcassets; sourceTree = "<group>"; };
		F3B0DBA5209B0BC100E7BD22 /* Base */ = {isa = PBXFileReference; lastKnownFileType = file.storyboard; name = Base; path = Base.lproj/LaunchScreen.storyboard; sourceTree = "<group>"; };
		F3B0DBA7209B0BC100E7BD22 /* Info.plist */ = {isa = PBXFileReference; lastKnownFileType = text.plist.xml; path = Info.plist; sourceTree = "<group>"; };
		F3B0DBAC209B0BC100E7BD22 /* NeoWSAppTests.xctest */ = {isa = PBXFileReference; explicitFileType = wrapper.cfbundle; includeInIndex = 0; path = NeoWSAppTests.xctest; sourceTree = BUILT_PRODUCTS_DIR; };
		F3B0DBB0209B0BC100E7BD22 /* NeoWSAppTests.swift */ = {isa = PBXFileReference; lastKnownFileType = sourcecode.swift; path = NeoWSAppTests.swift; sourceTree = "<group>"; };
		F3B0DBB2209B0BC100E7BD22 /* Info.plist */ = {isa = PBXFileReference; lastKnownFileType = text.plist.xml; path = Info.plist; sourceTree = "<group>"; };
		F3B0DBB7209B0BC100E7BD22 /* NeoWSAppUITests.xctest */ = {isa = PBXFileReference; explicitFileType = wrapper.cfbundle; includeInIndex = 0; path = NeoWSAppUITests.xctest; sourceTree = BUILT_PRODUCTS_DIR; };
		F3B0DBBB209B0BC100E7BD22 /* NeoWSAppUITests.swift */ = {isa = PBXFileReference; lastKnownFileType = sourcecode.swift; path = NeoWSAppUITests.swift; sourceTree = "<group>"; };
		F3B0DBBD209B0BC100E7BD22 /* Info.plist */ = {isa = PBXFileReference; lastKnownFileType = text.plist.xml; path = Info.plist; sourceTree = "<group>"; };
		F3F9E1A1209C5D1A00481C51 /* JSONParsing.swift */ = {isa = PBXFileReference; lastKnownFileType = sourcecode.swift; path = JSONParsing.swift; sourceTree = "<group>"; };
		F3F9E1A3209C69BB00481C51 /* AsteroidBank.swift */ = {isa = PBXFileReference; lastKnownFileType = sourcecode.swift; path = AsteroidBank.swift; sourceTree = "<group>"; };
/* End PBXFileReference section */

/* Begin PBXFrameworksBuildPhase section */
		F3B0DB92209B0BC000E7BD22 /* Frameworks */ = {
			isa = PBXFrameworksBuildPhase;
			buildActionMask = 2147483647;
			files = (
				9A503A3996C478B666D47845 /* Pods_NeoWSApp.framework in Frameworks */,
			);
			runOnlyForDeploymentPostprocessing = 0;
		};
		F3B0DBA9209B0BC100E7BD22 /* Frameworks */ = {
			isa = PBXFrameworksBuildPhase;
			buildActionMask = 2147483647;
			files = (
				008458226CBA1BD7AF95D392 /* Pods_NeoWSAppTests.framework in Frameworks */,
			);
			runOnlyForDeploymentPostprocessing = 0;
		};
		F3B0DBB4209B0BC100E7BD22 /* Frameworks */ = {
			isa = PBXFrameworksBuildPhase;
			buildActionMask = 2147483647;
			files = (
				AD333D4B6E334548903C1470 /* Pods_NeoWSAppUITests.framework in Frameworks */,
			);
			runOnlyForDeploymentPostprocessing = 0;
		};
/* End PBXFrameworksBuildPhase section */

/* Begin PBXGroup section */
		0A8FD15E6624179552DF153F /* Frameworks */ = {
			isa = PBXGroup;
			children = (
				137D548BE1A85CE56BCD6163 /* Pods_NeoWSApp.framework */,
				2C73DA09E868ADCA4CDD2285 /* Pods_NeoWSAppTests.framework */,
				B1C079D57C444911BC3517D4 /* Pods_NeoWSAppUITests.framework */,
			);
			name = Frameworks;
			sourceTree = "<group>";
		};
		2748C54CC755FB009396162F /* Pods */ = {
			isa = PBXGroup;
			children = (
				06D064C32A4840AF0ACEFE83 /* Pods-NeoWSApp.debug.xcconfig */,
				53814ABAE150813ABA666DDC /* Pods-NeoWSApp.release.xcconfig */,
				2F25797D41D46BA99C077C50 /* Pods-NeoWSAppTests.debug.xcconfig */,
				C042E5E9EB85F4EC3FB0C841 /* Pods-NeoWSAppTests.release.xcconfig */,
				92AB5ED8843BBFFF4D5492EA /* Pods-NeoWSAppUITests.debug.xcconfig */,
				6F9EC229C639D3E9A26F7C0B /* Pods-NeoWSAppUITests.release.xcconfig */,
			);
			name = Pods;
			sourceTree = "<group>";
		};
		9BF69616209B125A00D81530 /* model */ = {
			isa = PBXGroup;
			children = (
				F3B0DB9F209B0BC000E7BD22 /* NeoWSApp.xcdatamodeld */,
				9BF6961A209B130000D81530 /* Asteroid.swift */,
				9BF6961C209B133400D81530 /* FetchData.swift */,
				F3F9E1A1209C5D1A00481C51 /* JSONParsing.swift */,
				F3F9E1A3209C69BB00481C51 /* AsteroidBank.swift */,
			);
			path = model;
			sourceTree = "<group>";
		};
		9BF69617209B127300D81530 /* view */ = {
			isa = PBXGroup;
			children = (
				F3B0DBA4209B0BC100E7BD22 /* LaunchScreen.storyboard */,
				F3B0DB9C209B0BC000E7BD22 /* Main.storyboard */,
				9BF69621209B13F400D81530 /* CustomCell.xib */,
			);
			path = view;
			sourceTree = "<group>";
		};
		9BF69618209B127C00D81530 /* controller */ = {
			isa = PBXGroup;
			children = (
				F3B0DB98209B0BC000E7BD22 /* AppDelegate.swift */,
				F3B0DB9A209B0BC000E7BD22 /* StartViewController.swift */,
				9BF6961E209B13B600D81530 /* DetailsViewController.swift */,
				9BF69620209B13F400D81530 /* CustomCell.swift */,
				6550992820A04C4400399C25 /* PictureOfTheDayViewController.swift */,
			);
			path = controller;
			sourceTree = "<group>";
		};
		9BF69619209B12B200D81530 /* supporting files */ = {
			isa = PBXGroup;
			children = (
				F3B0DBA7209B0BC100E7BD22 /* Info.plist */,
				F3B0DBA2209B0BC100E7BD22 /* Assets.xcassets */,
			);
			path = "supporting files";
			sourceTree = "<group>";
		};
		F3B0DB8C209B0BC000E7BD22 = {
			isa = PBXGroup;
			children = (
				F3B0DB97209B0BC000E7BD22 /* NeoWSApp */,
				9BF69619209B12B200D81530 /* supporting files */,
				F3B0DBAF209B0BC100E7BD22 /* NeoWSAppTests */,
				F3B0DBBA209B0BC100E7BD22 /* NeoWSAppUITests */,
				F3B0DB96209B0BC000E7BD22 /* Products */,
				2748C54CC755FB009396162F /* Pods */,
				0A8FD15E6624179552DF153F /* Frameworks */,
			);
			sourceTree = "<group>";
		};
		F3B0DB96209B0BC000E7BD22 /* Products */ = {
			isa = PBXGroup;
			children = (
				F3B0DB95209B0BC000E7BD22 /* NeoWSApp.app */,
				F3B0DBAC209B0BC100E7BD22 /* NeoWSAppTests.xctest */,
				F3B0DBB7209B0BC100E7BD22 /* NeoWSAppUITests.xctest */,
			);
			name = Products;
			sourceTree = "<group>";
		};
		F3B0DB97209B0BC000E7BD22 /* NeoWSApp */ = {
			isa = PBXGroup;
			children = (
				9BF69618209B127C00D81530 /* controller */,
				9BF69617209B127300D81530 /* view */,
				9BF69616209B125A00D81530 /* model */,
			);
			path = NeoWSApp;
			sourceTree = "<group>";
		};
		F3B0DBAF209B0BC100E7BD22 /* NeoWSAppTests */ = {
			isa = PBXGroup;
			children = (
				F3B0DBB0209B0BC100E7BD22 /* NeoWSAppTests.swift */,
				F3B0DBB2209B0BC100E7BD22 /* Info.plist */,
			);
			path = NeoWSAppTests;
			sourceTree = "<group>";
		};
		F3B0DBBA209B0BC100E7BD22 /* NeoWSAppUITests */ = {
			isa = PBXGroup;
			children = (
				F3B0DBBB209B0BC100E7BD22 /* NeoWSAppUITests.swift */,
				F3B0DBBD209B0BC100E7BD22 /* Info.plist */,
			);
			path = NeoWSAppUITests;
			sourceTree = "<group>";
		};
/* End PBXGroup section */

/* Begin PBXNativeTarget section */
		F3B0DB94209B0BC000E7BD22 /* NeoWSApp */ = {
			isa = PBXNativeTarget;
			buildConfigurationList = F3B0DBC0209B0BC100E7BD22 /* Build configuration list for PBXNativeTarget "NeoWSApp" */;
			buildPhases = (
				BD33A0EDDC05DB6E4E286873 /* [CP] Check Pods Manifest.lock */,
				F3B0DB91209B0BC000E7BD22 /* Sources */,
				F3B0DB92209B0BC000E7BD22 /* Frameworks */,
				F3B0DB93209B0BC000E7BD22 /* Resources */,
				B891563A8F9F5121C6F5B5E3 /* [CP] Embed Pods Frameworks */,
			);
			buildRules = (
			);
			dependencies = (
			);
			name = NeoWSApp;
			productName = NeoWSApp;
			productReference = F3B0DB95209B0BC000E7BD22 /* NeoWSApp.app */;
			productType = "com.apple.product-type.application";
		};
		F3B0DBAB209B0BC100E7BD22 /* NeoWSAppTests */ = {
			isa = PBXNativeTarget;
			buildConfigurationList = F3B0DBC3209B0BC100E7BD22 /* Build configuration list for PBXNativeTarget "NeoWSAppTests" */;
			buildPhases = (
				F29C61091A8BAEDB80F164ED /* [CP] Check Pods Manifest.lock */,
				F3B0DBA8209B0BC100E7BD22 /* Sources */,
				F3B0DBA9209B0BC100E7BD22 /* Frameworks */,
				F3B0DBAA209B0BC100E7BD22 /* Resources */,
			);
			buildRules = (
			);
			dependencies = (
				F3B0DBAE209B0BC100E7BD22 /* PBXTargetDependency */,
			);
			name = NeoWSAppTests;
			productName = NeoWSAppTests;
			productReference = F3B0DBAC209B0BC100E7BD22 /* NeoWSAppTests.xctest */;
			productType = "com.apple.product-type.bundle.unit-test";
		};
		F3B0DBB6209B0BC100E7BD22 /* NeoWSAppUITests */ = {
			isa = PBXNativeTarget;
			buildConfigurationList = F3B0DBC6209B0BC100E7BD22 /* Build configuration list for PBXNativeTarget "NeoWSAppUITests" */;
			buildPhases = (
				40B7EF69247664889145C75D /* [CP] Check Pods Manifest.lock */,
				F3B0DBB3209B0BC100E7BD22 /* Sources */,
				F3B0DBB4209B0BC100E7BD22 /* Frameworks */,
				F3B0DBB5209B0BC100E7BD22 /* Resources */,
			);
			buildRules = (
			);
			dependencies = (
				F3B0DBB9209B0BC100E7BD22 /* PBXTargetDependency */,
			);
			name = NeoWSAppUITests;
			productName = NeoWSAppUITests;
			productReference = F3B0DBB7209B0BC100E7BD22 /* NeoWSAppUITests.xctest */;
			productType = "com.apple.product-type.bundle.ui-testing";
		};
/* End PBXNativeTarget section */

/* Begin PBXProject section */
		F3B0DB8D209B0BC000E7BD22 /* Project object */ = {
			isa = PBXProject;
			attributes = {
				LastSwiftUpdateCheck = 0930;
				LastUpgradeCheck = 0930;
				ORGANIZATIONNAME = a27;
				TargetAttributes = {
					F3B0DB94209B0BC000E7BD22 = {
						CreatedOnToolsVersion = 9.3;
					};
					F3B0DBAB209B0BC100E7BD22 = {
						CreatedOnToolsVersion = 9.3;
						TestTargetID = F3B0DB94209B0BC000E7BD22;
					};
					F3B0DBB6209B0BC100E7BD22 = {
						CreatedOnToolsVersion = 9.3;
						TestTargetID = F3B0DB94209B0BC000E7BD22;
					};
				};
			};
			buildConfigurationList = F3B0DB90209B0BC000E7BD22 /* Build configuration list for PBXProject "NeoWSApp" */;
			compatibilityVersion = "Xcode 9.3";
			developmentRegion = en;
			hasScannedForEncodings = 0;
			knownRegions = (
				en,
				Base,
			);
			mainGroup = F3B0DB8C209B0BC000E7BD22;
			productRefGroup = F3B0DB96209B0BC000E7BD22 /* Products */;
			projectDirPath = "";
			projectRoot = "";
			targets = (
				F3B0DB94209B0BC000E7BD22 /* NeoWSApp */,
				F3B0DBAB209B0BC100E7BD22 /* NeoWSAppTests */,
				F3B0DBB6209B0BC100E7BD22 /* NeoWSAppUITests */,
			);
		};
/* End PBXProject section */

/* Begin PBXResourcesBuildPhase section */
		F3B0DB93209B0BC000E7BD22 /* Resources */ = {
			isa = PBXResourcesBuildPhase;
			buildActionMask = 2147483647;
			files = (
				F3B0DBA6209B0BC100E7BD22 /* LaunchScreen.storyboard in Resources */,
				F3B0DBA3209B0BC100E7BD22 /* Assets.xcassets in Resources */,
				9BF69623209B13F400D81530 /* CustomCell.xib in Resources */,
				F3B0DB9E209B0BC000E7BD22 /* Main.storyboard in Resources */,
			);
			runOnlyForDeploymentPostprocessing = 0;
		};
		F3B0DBAA209B0BC100E7BD22 /* Resources */ = {
			isa = PBXResourcesBuildPhase;
			buildActionMask = 2147483647;
			files = (
			);
			runOnlyForDeploymentPostprocessing = 0;
		};
		F3B0DBB5209B0BC100E7BD22 /* Resources */ = {
			isa = PBXResourcesBuildPhase;
			buildActionMask = 2147483647;
			files = (
			);
			runOnlyForDeploymentPostprocessing = 0;
		};
/* End PBXResourcesBuildPhase section */

/* Begin PBXShellScriptBuildPhase section */
		40B7EF69247664889145C75D /* [CP] Check Pods Manifest.lock */ = {
			isa = PBXShellScriptBuildPhase;
			buildActionMask = 2147483647;
			files = (
			);
			inputPaths = (
				"${PODS_PODFILE_DIR_PATH}/Podfile.lock",
				"${PODS_ROOT}/Manifest.lock",
			);
			name = "[CP] Check Pods Manifest.lock";
			outputPaths = (
				"$(DERIVED_FILE_DIR)/Pods-NeoWSAppUITests-checkManifestLockResult.txt",
			);
			runOnlyForDeploymentPostprocessing = 0;
			shellPath = /bin/sh;
			shellScript = "diff \"${PODS_PODFILE_DIR_PATH}/Podfile.lock\" \"${PODS_ROOT}/Manifest.lock\" > /dev/null\nif [ $? != 0 ] ; then\n    # print error to STDERR\n    echo \"error: The sandbox is not in sync with the Podfile.lock. Run 'pod install' or update your CocoaPods installation.\" >&2\n    exit 1\nfi\n# This output is used by Xcode 'outputs' to avoid re-running this script phase.\necho \"SUCCESS\" > \"${SCRIPT_OUTPUT_FILE_0}\"\n";
			showEnvVarsInLog = 0;
		};
		B891563A8F9F5121C6F5B5E3 /* [CP] Embed Pods Frameworks */ = {
			isa = PBXShellScriptBuildPhase;
			buildActionMask = 2147483647;
			files = (
			);
			inputPaths = (
				"${SRCROOT}/Pods/Target Support Files/Pods-NeoWSApp/Pods-NeoWSApp-frameworks.sh",
				"${BUILT_PRODUCTS_DIR}/Alamofire/Alamofire.framework",
				"${BUILT_PRODUCTS_DIR}/SVProgressHUD/SVProgressHUD.framework",
				"${BUILT_PRODUCTS_DIR}/SwiftyJSON/SwiftyJSON.framework",
			);
			name = "[CP] Embed Pods Frameworks";
			outputPaths = (
				"${TARGET_BUILD_DIR}/${FRAMEWORKS_FOLDER_PATH}/Alamofire.framework",
				"${TARGET_BUILD_DIR}/${FRAMEWORKS_FOLDER_PATH}/SVProgressHUD.framework",
				"${TARGET_BUILD_DIR}/${FRAMEWORKS_FOLDER_PATH}/SwiftyJSON.framework",
			);
			runOnlyForDeploymentPostprocessing = 0;
			shellPath = /bin/sh;
			shellScript = "\"${SRCROOT}/Pods/Target Support Files/Pods-NeoWSApp/Pods-NeoWSApp-frameworks.sh\"\n";
			showEnvVarsInLog = 0;
		};
		BD33A0EDDC05DB6E4E286873 /* [CP] Check Pods Manifest.lock */ = {
			isa = PBXShellScriptBuildPhase;
			buildActionMask = 2147483647;
			files = (
			);
			inputPaths = (
				"${PODS_PODFILE_DIR_PATH}/Podfile.lock",
				"${PODS_ROOT}/Manifest.lock",
			);
			name = "[CP] Check Pods Manifest.lock";
			outputPaths = (
				"$(DERIVED_FILE_DIR)/Pods-NeoWSApp-checkManifestLockResult.txt",
			);
			runOnlyForDeploymentPostprocessing = 0;
			shellPath = /bin/sh;
			shellScript = "diff \"${PODS_PODFILE_DIR_PATH}/Podfile.lock\" \"${PODS_ROOT}/Manifest.lock\" > /dev/null\nif [ $? != 0 ] ; then\n    # print error to STDERR\n    echo \"error: The sandbox is not in sync with the Podfile.lock. Run 'pod install' or update your CocoaPods installation.\" >&2\n    exit 1\nfi\n# This output is used by Xcode 'outputs' to avoid re-running this script phase.\necho \"SUCCESS\" > \"${SCRIPT_OUTPUT_FILE_0}\"\n";
			showEnvVarsInLog = 0;
		};
		F29C61091A8BAEDB80F164ED /* [CP] Check Pods Manifest.lock */ = {
			isa = PBXShellScriptBuildPhase;
			buildActionMask = 2147483647;
			files = (
			);
			inputPaths = (
				"${PODS_PODFILE_DIR_PATH}/Podfile.lock",
				"${PODS_ROOT}/Manifest.lock",
			);
			name = "[CP] Check Pods Manifest.lock";
			outputPaths = (
				"$(DERIVED_FILE_DIR)/Pods-NeoWSAppTests-checkManifestLockResult.txt",
			);
			runOnlyForDeploymentPostprocessing = 0;
			shellPath = /bin/sh;
			shellScript = "diff \"${PODS_PODFILE_DIR_PATH}/Podfile.lock\" \"${PODS_ROOT}/Manifest.lock\" > /dev/null\nif [ $? != 0 ] ; then\n    # print error to STDERR\n    echo \"error: The sandbox is not in sync with the Podfile.lock. Run 'pod install' or update your CocoaPods installation.\" >&2\n    exit 1\nfi\n# This output is used by Xcode 'outputs' to avoid re-running this script phase.\necho \"SUCCESS\" > \"${SCRIPT_OUTPUT_FILE_0}\"\n";
			showEnvVarsInLog = 0;
		};
/* End PBXShellScriptBuildPhase section */

/* Begin PBXSourcesBuildPhase section */
		F3B0DB91209B0BC000E7BD22 /* Sources */ = {
			isa = PBXSourcesBuildPhase;
			buildActionMask = 2147483647;
			files = (
				9BF6961B209B130000D81530 /* Asteroid.swift in Sources */,
				9BF6961D209B133400D81530 /* FetchData.swift in Sources */,
				F3F9E1A2209C5D1A00481C51 /* JSONParsing.swift in Sources */,
				F3B0DB9B209B0BC000E7BD22 /* StartViewController.swift in Sources */,
				F3B0DB99209B0BC000E7BD22 /* AppDelegate.swift in Sources */,
				6550992920A04C4400399C25 /* PictureOfTheDayViewController.swift in Sources */,
				F3B0DBA1209B0BC000E7BD22 /* NeoWSApp.xcdatamodeld in Sources */,
				F3F9E1A4209C69BB00481C51 /* AsteroidBank.swift in Sources */,
				9BF69622209B13F400D81530 /* CustomCell.swift in Sources */,
				9BF6961F209B13B600D81530 /* DetailsViewController.swift in Sources */,
			);
			runOnlyForDeploymentPostprocessing = 0;
		};
		F3B0DBA8209B0BC100E7BD22 /* Sources */ = {
			isa = PBXSourcesBuildPhase;
			buildActionMask = 2147483647;
			files = (
				F3B0DBB1209B0BC100E7BD22 /* NeoWSAppTests.swift in Sources */,
			);
			runOnlyForDeploymentPostprocessing = 0;
		};
		F3B0DBB3209B0BC100E7BD22 /* Sources */ = {
			isa = PBXSourcesBuildPhase;
			buildActionMask = 2147483647;
			files = (
				F3B0DBBC209B0BC100E7BD22 /* NeoWSAppUITests.swift in Sources */,
			);
			runOnlyForDeploymentPostprocessing = 0;
		};
/* End PBXSourcesBuildPhase section */

/* Begin PBXTargetDependency section */
		F3B0DBAE209B0BC100E7BD22 /* PBXTargetDependency */ = {
			isa = PBXTargetDependency;
			target = F3B0DB94209B0BC000E7BD22 /* NeoWSApp */;
			targetProxy = F3B0DBAD209B0BC100E7BD22 /* PBXContainerItemProxy */;
		};
		F3B0DBB9209B0BC100E7BD22 /* PBXTargetDependency */ = {
			isa = PBXTargetDependency;
			target = F3B0DB94209B0BC000E7BD22 /* NeoWSApp */;
			targetProxy = F3B0DBB8209B0BC100E7BD22 /* PBXContainerItemProxy */;
		};
/* End PBXTargetDependency section */

/* Begin PBXVariantGroup section */
		F3B0DB9C209B0BC000E7BD22 /* Main.storyboard */ = {
			isa = PBXVariantGroup;
			children = (
				F3B0DB9D209B0BC000E7BD22 /* Base */,
			);
			name = Main.storyboard;
			sourceTree = "<group>";
		};
		F3B0DBA4209B0BC100E7BD22 /* LaunchScreen.storyboard */ = {
			isa = PBXVariantGroup;
			children = (
				F3B0DBA5209B0BC100E7BD22 /* Base */,
			);
			name = LaunchScreen.storyboard;
			sourceTree = "<group>";
		};
/* End PBXVariantGroup section */

/* Begin XCBuildConfiguration section */
		F3B0DBBE209B0BC100E7BD22 /* Debug */ = {
			isa = XCBuildConfiguration;
			buildSettings = {
				ALWAYS_SEARCH_USER_PATHS = NO;
				CLANG_ANALYZER_NONNULL = YES;
				CLANG_ANALYZER_NUMBER_OBJECT_CONVERSION = YES_AGGRESSIVE;
				CLANG_CXX_LANGUAGE_STANDARD = "gnu++14";
				CLANG_CXX_LIBRARY = "libc++";
				CLANG_ENABLE_MODULES = YES;
				CLANG_ENABLE_OBJC_ARC = YES;
				CLANG_ENABLE_OBJC_WEAK = YES;
				CLANG_WARN_BLOCK_CAPTURE_AUTORELEASING = YES;
				CLANG_WARN_BOOL_CONVERSION = YES;
				CLANG_WARN_COMMA = YES;
				CLANG_WARN_CONSTANT_CONVERSION = YES;
				CLANG_WARN_DEPRECATED_OBJC_IMPLEMENTATIONS = YES;
				CLANG_WARN_DIRECT_OBJC_ISA_USAGE = YES_ERROR;
				CLANG_WARN_DOCUMENTATION_COMMENTS = YES;
				CLANG_WARN_EMPTY_BODY = YES;
				CLANG_WARN_ENUM_CONVERSION = YES;
				CLANG_WARN_INFINITE_RECURSION = YES;
				CLANG_WARN_INT_CONVERSION = YES;
				CLANG_WARN_NON_LITERAL_NULL_CONVERSION = YES;
				CLANG_WARN_OBJC_IMPLICIT_RETAIN_SELF = YES;
				CLANG_WARN_OBJC_LITERAL_CONVERSION = YES;
				CLANG_WARN_OBJC_ROOT_CLASS = YES_ERROR;
				CLANG_WARN_RANGE_LOOP_ANALYSIS = YES;
				CLANG_WARN_STRICT_PROTOTYPES = YES;
				CLANG_WARN_SUSPICIOUS_MOVE = YES;
				CLANG_WARN_UNGUARDED_AVAILABILITY = YES_AGGRESSIVE;
				CLANG_WARN_UNREACHABLE_CODE = YES;
				CLANG_WARN__DUPLICATE_METHOD_MATCH = YES;
				CODE_SIGN_IDENTITY = "iPhone Developer";
				COPY_PHASE_STRIP = NO;
				DEBUG_INFORMATION_FORMAT = dwarf;
				ENABLE_STRICT_OBJC_MSGSEND = YES;
				ENABLE_TESTABILITY = YES;
				GCC_C_LANGUAGE_STANDARD = gnu11;
				GCC_DYNAMIC_NO_PIC = NO;
				GCC_NO_COMMON_BLOCKS = YES;
				GCC_OPTIMIZATION_LEVEL = 0;
				GCC_PREPROCESSOR_DEFINITIONS = (
					"DEBUG=1",
					"$(inherited)",
				);
				GCC_WARN_64_TO_32_BIT_CONVERSION = YES;
				GCC_WARN_ABOUT_RETURN_TYPE = YES_ERROR;
				GCC_WARN_UNDECLARED_SELECTOR = YES;
				GCC_WARN_UNINITIALIZED_AUTOS = YES_AGGRESSIVE;
				GCC_WARN_UNUSED_FUNCTION = YES;
				GCC_WARN_UNUSED_VARIABLE = YES;
				IPHONEOS_DEPLOYMENT_TARGET = 11.3;
				MTL_ENABLE_DEBUG_INFO = YES;
				ONLY_ACTIVE_ARCH = YES;
				SDKROOT = iphoneos;
				SWIFT_ACTIVE_COMPILATION_CONDITIONS = DEBUG;
				SWIFT_OPTIMIZATION_LEVEL = "-Onone";
			};
			name = Debug;
		};
		F3B0DBBF209B0BC100E7BD22 /* Release */ = {
			isa = XCBuildConfiguration;
			buildSettings = {
				ALWAYS_SEARCH_USER_PATHS = NO;
				CLANG_ANALYZER_NONNULL = YES;
				CLANG_ANALYZER_NUMBER_OBJECT_CONVERSION = YES_AGGRESSIVE;
				CLANG_CXX_LANGUAGE_STANDARD = "gnu++14";
				CLANG_CXX_LIBRARY = "libc++";
				CLANG_ENABLE_MODULES = YES;
				CLANG_ENABLE_OBJC_ARC = YES;
				CLANG_ENABLE_OBJC_WEAK = YES;
				CLANG_WARN_BLOCK_CAPTURE_AUTORELEASING = YES;
				CLANG_WARN_BOOL_CONVERSION = YES;
				CLANG_WARN_COMMA = YES;
				CLANG_WARN_CONSTANT_CONVERSION = YES;
				CLANG_WARN_DEPRECATED_OBJC_IMPLEMENTATIONS = YES;
				CLANG_WARN_DIRECT_OBJC_ISA_USAGE = YES_ERROR;
				CLANG_WARN_DOCUMENTATION_COMMENTS = YES;
				CLANG_WARN_EMPTY_BODY = YES;
				CLANG_WARN_ENUM_CONVERSION = YES;
				CLANG_WARN_INFINITE_RECURSION = YES;
				CLANG_WARN_INT_CONVERSION = YES;
				CLANG_WARN_NON_LITERAL_NULL_CONVERSION = YES;
				CLANG_WARN_OBJC_IMPLICIT_RETAIN_SELF = YES;
				CLANG_WARN_OBJC_LITERAL_CONVERSION = YES;
				CLANG_WARN_OBJC_ROOT_CLASS = YES_ERROR;
				CLANG_WARN_RANGE_LOOP_ANALYSIS = YES;
				CLANG_WARN_STRICT_PROTOTYPES = YES;
				CLANG_WARN_SUSPICIOUS_MOVE = YES;
				CLANG_WARN_UNGUARDED_AVAILABILITY = YES_AGGRESSIVE;
				CLANG_WARN_UNREACHABLE_CODE = YES;
				CLANG_WARN__DUPLICATE_METHOD_MATCH = YES;
				CODE_SIGN_IDENTITY = "iPhone Developer";
				COPY_PHASE_STRIP = NO;
				DEBUG_INFORMATION_FORMAT = "dwarf-with-dsym";
				ENABLE_NS_ASSERTIONS = NO;
				ENABLE_STRICT_OBJC_MSGSEND = YES;
				GCC_C_LANGUAGE_STANDARD = gnu11;
				GCC_NO_COMMON_BLOCKS = YES;
				GCC_WARN_64_TO_32_BIT_CONVERSION = YES;
				GCC_WARN_ABOUT_RETURN_TYPE = YES_ERROR;
				GCC_WARN_UNDECLARED_SELECTOR = YES;
				GCC_WARN_UNINITIALIZED_AUTOS = YES_AGGRESSIVE;
				GCC_WARN_UNUSED_FUNCTION = YES;
				GCC_WARN_UNUSED_VARIABLE = YES;
				IPHONEOS_DEPLOYMENT_TARGET = 11.3;
				MTL_ENABLE_DEBUG_INFO = NO;
				SDKROOT = iphoneos;
				SWIFT_COMPILATION_MODE = wholemodule;
				SWIFT_OPTIMIZATION_LEVEL = "-O";
				VALIDATE_PRODUCT = YES;
			};
			name = Release;
		};
		F3B0DBC1209B0BC100E7BD22 /* Debug */ = {
			isa = XCBuildConfiguration;
			baseConfigurationReference = 06D064C32A4840AF0ACEFE83 /* Pods-NeoWSApp.debug.xcconfig */;
			buildSettings = {
				ASSETCATALOG_COMPILER_APPICON_NAME = AppIcon;
				CODE_SIGN_STYLE = Automatic;
				DEVELOPMENT_TEAM = G7JKA6624L;
				INFOPLIST_FILE = "$(SRCROOT)/supporting files/Info.plist";
				LD_RUNPATH_SEARCH_PATHS = (
					"$(inherited)",
					"@executable_path/Frameworks",
				);
				PRODUCT_BUNDLE_IDENTIFIER = se.27differentsounds.NeoWSApp;
				PRODUCT_NAME = "$(TARGET_NAME)";
				SWIFT_VERSION = 4.0;
				TARGETED_DEVICE_FAMILY = "1,2";
			};
			name = Debug;
		};
		F3B0DBC2209B0BC100E7BD22 /* Release */ = {
			isa = XCBuildConfiguration;
			baseConfigurationReference = 53814ABAE150813ABA666DDC /* Pods-NeoWSApp.release.xcconfig */;
			buildSettings = {
				ASSETCATALOG_COMPILER_APPICON_NAME = AppIcon;
				CODE_SIGN_STYLE = Automatic;
				DEVELOPMENT_TEAM = G7JKA6624L;
				INFOPLIST_FILE = "$(SRCROOT)/supporting files/Info.plist";
				LD_RUNPATH_SEARCH_PATHS = (
					"$(inherited)",
					"@executable_path/Frameworks",
				);
				PRODUCT_BUNDLE_IDENTIFIER = se.27differentsounds.NeoWSApp;
				PRODUCT_NAME = "$(TARGET_NAME)";
				SWIFT_VERSION = 4.0;
				TARGETED_DEVICE_FAMILY = "1,2";
			};
			name = Release;
		};
		F3B0DBC4209B0BC100E7BD22 /* Debug */ = {
			isa = XCBuildConfiguration;
			baseConfigurationReference = 2F25797D41D46BA99C077C50 /* Pods-NeoWSAppTests.debug.xcconfig */;
			buildSettings = {
				ALWAYS_EMBED_SWIFT_STANDARD_LIBRARIES = YES;
				BUNDLE_LOADER = "$(TEST_HOST)";
				CODE_SIGN_STYLE = Automatic;
				DEVELOPMENT_TEAM = G7JKA6624L;
				INFOPLIST_FILE = NeoWSAppTests/Info.plist;
				LD_RUNPATH_SEARCH_PATHS = (
					"$(inherited)",
					"@executable_path/Frameworks",
					"@loader_path/Frameworks",
				);
				PRODUCT_BUNDLE_IDENTIFIER = se.27differentsounds.NeoWSAppTests;
				PRODUCT_NAME = "$(TARGET_NAME)";
				SWIFT_VERSION = 4.0;
				TARGETED_DEVICE_FAMILY = "1,2";
				TEST_HOST = "$(BUILT_PRODUCTS_DIR)/NeoWSApp.app/NeoWSApp";
			};
			name = Debug;
		};
		F3B0DBC5209B0BC100E7BD22 /* Release */ = {
			isa = XCBuildConfiguration;
			baseConfigurationReference = C042E5E9EB85F4EC3FB0C841 /* Pods-NeoWSAppTests.release.xcconfig */;
			buildSettings = {
				ALWAYS_EMBED_SWIFT_STANDARD_LIBRARIES = YES;
				BUNDLE_LOADER = "$(TEST_HOST)";
				CODE_SIGN_STYLE = Automatic;
				DEVELOPMENT_TEAM = G7JKA6624L;
				INFOPLIST_FILE = NeoWSAppTests/Info.plist;
				LD_RUNPATH_SEARCH_PATHS = (
					"$(inherited)",
					"@executable_path/Frameworks",
					"@loader_path/Frameworks",
				);
				PRODUCT_BUNDLE_IDENTIFIER = se.27differentsounds.NeoWSAppTests;
				PRODUCT_NAME = "$(TARGET_NAME)";
				SWIFT_VERSION = 4.0;
				TARGETED_DEVICE_FAMILY = "1,2";
				TEST_HOST = "$(BUILT_PRODUCTS_DIR)/NeoWSApp.app/NeoWSApp";
			};
			name = Release;
		};
		F3B0DBC7209B0BC100E7BD22 /* Debug */ = {
			isa = XCBuildConfiguration;
			baseConfigurationReference = 92AB5ED8843BBFFF4D5492EA /* Pods-NeoWSAppUITests.debug.xcconfig */;
			buildSettings = {
				ALWAYS_EMBED_SWIFT_STANDARD_LIBRARIES = YES;
				CODE_SIGN_STYLE = Automatic;
				DEVELOPMENT_TEAM = G7JKA6624L;
				INFOPLIST_FILE = NeoWSAppUITests/Info.plist;
				LD_RUNPATH_SEARCH_PATHS = (
					"$(inherited)",
					"@executable_path/Frameworks",
					"@loader_path/Frameworks",
				);
				PRODUCT_BUNDLE_IDENTIFIER = se.27differentsounds.NeoWSAppUITests;
				PRODUCT_NAME = "$(TARGET_NAME)";
				SWIFT_VERSION = 4.0;
				TARGETED_DEVICE_FAMILY = "1,2";
				TEST_TARGET_NAME = NeoWSApp;
			};
			name = Debug;
		};
		F3B0DBC8209B0BC100E7BD22 /* Release */ = {
			isa = XCBuildConfiguration;
			baseConfigurationReference = 6F9EC229C639D3E9A26F7C0B /* Pods-NeoWSAppUITests.release.xcconfig */;
			buildSettings = {
				ALWAYS_EMBED_SWIFT_STANDARD_LIBRARIES = YES;
				CODE_SIGN_STYLE = Automatic;
				DEVELOPMENT_TEAM = G7JKA6624L;
				INFOPLIST_FILE = NeoWSAppUITests/Info.plist;
				LD_RUNPATH_SEARCH_PATHS = (
					"$(inherited)",
					"@executable_path/Frameworks",
					"@loader_path/Frameworks",
				);
				PRODUCT_BUNDLE_IDENTIFIER = se.27differentsounds.NeoWSAppUITests;
				PRODUCT_NAME = "$(TARGET_NAME)";
				SWIFT_VERSION = 4.0;
				TARGETED_DEVICE_FAMILY = "1,2";
				TEST_TARGET_NAME = NeoWSApp;
			};
			name = Release;
		};
/* End XCBuildConfiguration section */

/* Begin XCConfigurationList section */
		F3B0DB90209B0BC000E7BD22 /* Build configuration list for PBXProject "NeoWSApp" */ = {
			isa = XCConfigurationList;
			buildConfigurations = (
				F3B0DBBE209B0BC100E7BD22 /* Debug */,
				F3B0DBBF209B0BC100E7BD22 /* Release */,
			);
			defaultConfigurationIsVisible = 0;
			defaultConfigurationName = Release;
		};
		F3B0DBC0209B0BC100E7BD22 /* Build configuration list for PBXNativeTarget "NeoWSApp" */ = {
			isa = XCConfigurationList;
			buildConfigurations = (
				F3B0DBC1209B0BC100E7BD22 /* Debug */,
				F3B0DBC2209B0BC100E7BD22 /* Release */,
			);
			defaultConfigurationIsVisible = 0;
			defaultConfigurationName = Release;
		};
		F3B0DBC3209B0BC100E7BD22 /* Build configuration list for PBXNativeTarget "NeoWSAppTests" */ = {
			isa = XCConfigurationList;
			buildConfigurations = (
				F3B0DBC4209B0BC100E7BD22 /* Debug */,
				F3B0DBC5209B0BC100E7BD22 /* Release */,
			);
			defaultConfigurationIsVisible = 0;
			defaultConfigurationName = Release;
		};
		F3B0DBC6209B0BC100E7BD22 /* Build configuration list for PBXNativeTarget "NeoWSAppUITests" */ = {
			isa = XCConfigurationList;
			buildConfigurations = (
				F3B0DBC7209B0BC100E7BD22 /* Debug */,
				F3B0DBC8209B0BC100E7BD22 /* Release */,
			);
			defaultConfigurationIsVisible = 0;
			defaultConfigurationName = Release;
		};
/* End XCConfigurationList section */

/* Begin XCVersionGroup section */
		F3B0DB9F209B0BC000E7BD22 /* NeoWSApp.xcdatamodeld */ = {
			isa = XCVersionGroup;
			children = (
				F3B0DBA0209B0BC000E7BD22 /* NeoWSApp.xcdatamodel */,
			);
			currentVersion = F3B0DBA0209B0BC000E7BD22 /* NeoWSApp.xcdatamodel */;
			path = NeoWSApp.xcdatamodeld;
			sourceTree = "<group>";
			versionGroupType = wrapper.xcdatamodel;
		};
/* End XCVersionGroup section */
	};
	rootObject = F3B0DB8D209B0BC000E7BD22 /* Project object */;
}
